
Microsoft Visual Studio Solution File, Format Version 12.00
# Visual Studio Version 17
VisualStudioVersion = 17.9.34902.65
MinimumVisualStudioVersion = 10.0.40219.1
Project("{9A19103F-16F7-4668-BE54-9A1E7A4F7556}") = "Domain", "Domain\Domain.csproj", "{256877DD-05B6-45AD-BC6C-2FDF0F7C3496}"
EndProject
Project("{9A19103F-16F7-4668-BE54-9A1E7A4F7556}") = "DataAccess", "DataAccess\DataAccess.csproj", "{07689868-7984-4903-BCA1-B6D75405F24A}"
EndProject
Project("{FAE04EC0-301F-11D3-BF4B-00C04F79EFBC}") = "Implementation", "Implementation\Implementation.csproj", "{3BD7E7D1-1CA3-49F3-98D8-8C8B74B3EA3A}"
EndProject
Project("{FAE04EC0-301F-11D3-BF4B-00C04F79EFBC}") = "Application", "Application\Application.csproj", "{F6558457-4279-4744-A376-60D62ED16AD5}"
EndProject
Project("{FAE04EC0-301F-11D3-BF4B-00C04F79EFBC}") = "API", "API\API.csproj", "{1D8586D8-0CB4-428D-B32B-9B0883D5AA9A}"
EndProject
Global
	GlobalSection(SolutionConfigurationPlatforms) = preSolution
		Debug|Any CPU = Debug|Any CPU
		Release|Any CPU = Release|Any CPU
	EndGlobalSection
	GlobalSection(ProjectConfigurationPlatforms) = postSolution
		{256877DD-05B6-45AD-BC6C-2FDF0F7C3496}.Debug|Any CPU.ActiveCfg = Debug|Any CPU
		{256877DD-05B6-45AD-BC6C-2FDF0F7C3496}.Debug|Any CPU.Build.0 = Debug|Any CPU
		{256877DD-05B6-45AD-BC6C-2FDF0F7C3496}.Release|Any CPU.ActiveCfg = Release|Any CPU
		{256877DD-05B6-45AD-BC6C-2FDF0F7C3496}.Release|Any CPU.Build.0 = Release|Any CPU
		{07689868-7984-4903-BCA1-B6D75405F24A}.Debug|Any CPU.ActiveCfg = Debug|Any CPU
		{07689868-7984-4903-BCA1-B6D75405F24A}.Debug|Any CPU.Build.0 = Debug|Any CPU
		{07689868-7984-4903-BCA1-B6D75405F24A}.Release|Any CPU.ActiveCfg = Release|Any CPU
		{07689868-7984-4903-BCA1-B6D75405F24A}.Release|Any CPU.Build.0 = Release|Any CPU
		{3BD7E7D1-1CA3-49F3-98D8-8C8B74B3EA3A}.Debug|Any CPU.ActiveCfg = Debug|Any CPU
		{3BD7E7D1-1CA3-49F3-98D8-8C8B74B3EA3A}.Debug|Any CPU.Build.0 = Debug|Any CPU
		{3BD7E7D1-1CA3-49F3-98D8-8C8B74B3EA3A}.Release|Any CPU.ActiveCfg = Release|Any CPU
		{3BD7E7D1-1CA3-49F3-98D8-8C8B74B3EA3A}.Release|Any CPU.Build.0 = Release|Any CPU
		{F6558457-4279-4744-A376-60D62ED16AD5}.Debug|Any CPU.ActiveCfg = Debug|Any CPU
		{F6558457-4279-4744-A376-60D62ED16AD5}.Debug|Any CPU.Build.0 = Debug|Any CPU
		{F6558457-4279-4744-A376-60D62ED16AD5}.Release|Any CPU.ActiveCfg = Release|Any CPU
		{F6558457-4279-4744-A376-60D62ED16AD5}.Release|Any CPU.Build.0 = Release|Any CPU
		{1D8586D8-0CB4-428D-B32B-9B0883D5AA9A}.Debug|Any CPU.ActiveCfg = Debug|Any CPU
		{1D8586D8-0CB4-428D-B32B-9B0883D5AA9A}.Debug|Any CPU.Build.0 = Debug|Any CPU
		{1D8586D8-0CB4-428D-B32B-9B0883D5AA9A}.Release|Any CPU.ActiveCfg = Release|Any CPU
		{1D8586D8-0CB4-428D-B32B-9B0883D5AA9A}.Release|Any CPU.Build.0 = Release|Any CPU
	EndGlobalSection
	GlobalSection(SolutionProperties) = preSolution
		HideSolutionNode = FALSE
	EndGlobalSection
	GlobalSection(ExtensibilityGlobals) = postSolution
		SolutionGuid = {0F75FC98-5BEE-4756-9AF8-7172F5103764}
	EndGlobalSection
EndGlobal
